<?xml version="1.0" encoding="UTF-8" standalone="yes" ?>
<CodeBlocks_project_file>
	<FileVersion major="1" minor="6" />
	<Project>
		<Option title="frontend" />
		<Option pch_mode="2" />
		<Option compiler="gcc" />
		<Build>
			<Target title="Debug">
				<Option output="bin/Debug/frontend" prefix_auto="1" extension_auto="1" />
				<Option object_output="obj/Debug/" />
				<Option type="1" />
				<Option compiler="gcc" />
				<Compiler>
					<Add option="-g" />
				</Compiler>
			</Target>
			<Target title="Release">
				<Option output="bin/Release/frontend" prefix_auto="1" extension_auto="1" />
				<Option object_output="obj/Release/" />
				<Option type="1" />
				<Option compiler="gcc" />
				<Compiler>
					<Add option="-O2" />
				</Compiler>
				<Linker>
					<Add option="-s" />
				</Linker>
			</Target>
		</Build>
		<Compiler>
			<Add option="-Wall" />
		</Compiler>
		<Unit filename="../Projeto Web/versão 1.0/Cadastro/img/logo.png" />
		<Unit filename="../Projeto Web/versão 1.0/Cadastro/index.html" />
		<Unit filename="../Projeto Web/versão 1.0/Cadastro/script.js" />
		<Unit filename="../Projeto Web/versão 1.0/Cadastro/style.css" />
		<Unit filename="../Projeto Web/versão 1.0/Cadeiras/img/logo.png" />
		<Unit filename="../Projeto Web/versão 1.0/Cadeiras/index.html" />
		<Unit filename="../Projeto Web/versão 1.0/Cadeiras/script.js" />
		<Unit filename="../Projeto Web/versão 1.0/Cadeiras/style.css" />
		<Unit filename="../Projeto Web/versão 1.0/Confirmação/img/logo.png" />
		<Unit filename="../Projeto Web/versão 1.0/Confirmação/index.html" />
		<Unit filename="../Projeto Web/versão 1.0/Confirmação/script.js" />
		<Unit filename="../Projeto Web/versão 1.0/Confirmação/style.css" />
		<Unit filename="../Projeto Web/versão 1.0/Formulário/img/logo.png" />
		<Unit filename="../Projeto Web/versão 1.0/Formulário/index.html" />
		<Unit filename="../Projeto Web/versão 1.0/Formulário/script.js" />
		<Unit filename="../Projeto Web/versão 1.0/Formulário/style.css" />
		<Unit filename="../Projeto Web/versão 1.0/Home/Home/Home.layout" />
		<Unit filename="../Projeto Web/versão 1.0/Home/img/Movie clapper.jpeg" />
		<Unit filename="../Projeto Web/versão 1.0/Home/img/images.png" />
		<Unit filename="../Projeto Web/versão 1.0/Home/img/invocacao-do-mal-4-o-ultimo-ritual.jpg" />
		<Unit filename="../Projeto Web/versão 1.0/Home/img/logo.png" />
		<Unit filename="../Projeto Web/versão 1.0/Home/img/mauricio-de-sousa-o-filme.jpg" />
		<Unit filename="../Projeto Web/versão 1.0/Home/img/paranorman-remasterizado.jpg" />
		<Unit filename="../Projeto Web/versão 1.0/Home/img/tron-ares.jpg" />
		<Unit filename="../Projeto Web/versão 1.0/Home/index.html" />
		<Unit filename="../Projeto Web/versão 1.0/Home/informações dos filmes" />
		<Unit filename="../Projeto Web/versão 1.0/Home/script.js" />
		<Unit filename="../Projeto Web/versão 1.0/Home/style.css" />
		<Unit filename="../README.md" />
		<Unit filename="frontend.layout" />
		<Extensions>
			<lib_finder disable_auto="1" />
		</Extensions>
	</Project>
</CodeBlocks_project_file>
